
Microsoft Visual Studio Solution File, Format Version 12.00
# Visual Studio Version 17
VisualStudioVersion = 17.3.32819.101
MinimumVisualStudioVersion = 10.0.40219.1
Project("{8BC9CEB8-8B4A-11D0-8D11-00A0C91BC942}") = "Test1", "Test1.vcxproj", "{47A6F3BF-BEAF-4A4C-B555-7F79459CA5E0}"
EndProject
Global
	GlobalSection(SolutionConfigurationPlatforms) = preSolution
		Debug|x64 = Debug|x64
		Debug|x86 = Debug|x86
		Release|x64 = Release|x64
		Release|x86 = Release|x86
	EndGlobalSection
	GlobalSection(ProjectConfigurationPlatforms) = postSolution
		{47A6F3BF-BEAF-4A4C-B555-7F79459CA5E0}.Debug|x64.ActiveCfg = Debug|x64
		{47A6F3BF-BEAF-4A4C-B555-7F79459CA5E0}.Debug|x64.Build.0 = Debug|x64
		{47A6F3BF-BEAF-4A4C-B555-7F79459CA5E0}.Debug|x86.ActiveCfg = Debug|Win32
		{47A6F3BF-BEAF-4A4C-B555-7F79459CA5E0}.Debug|x86.Build.0 = Debug|Win32
		{47A6F3BF-BEAF-4A4C-B555-7F79459CA5E0}.Release|x64.ActiveCfg = Release|x64
		{47A6F3BF-BEAF-4A4C-B555-7F79459CA5E0}.Release|x64.Build.0 = Release|x64
		{47A6F3BF-BEAF-4A4C-B555-7F79459CA5E0}.Release|x86.ActiveCfg = Release|Win32
		{47A6F3BF-BEAF-4A4C-B555-7F79459CA5E0}.Release|x86.Build.0 = Release|Win32
	EndGlobalSection
	GlobalSection(SolutionProperties) = preSolution
		HideSolutionNode = FALSE
	EndGlobalSection
	GlobalSection(ExtensibilityGlobals) = postSolution
		SolutionGuid = {35BA3FE8-204B-4294-AB6D-3B7569F829B0}
	EndGlobalSection
EndGlobal
